// !$*UTF8*$!
{
	archiveVersion = 1;
	classes = {
	};
	objectVersion = 50;
	objects = {

/* Begin PBXBuildFile section */
		85EE37DE264C62E7009F8E26 /* AppDelegate.swift in Sources */ = {isa = PBXBuildFile; fileRef = 85EE37DD264C62E7009F8E26 /* AppDelegate.swift */; };
		85EE37E0264C62E7009F8E26 /* SceneDelegate.swift in Sources */ = {isa = PBXBuildFile; fileRef = 85EE37DF264C62E7009F8E26 /* SceneDelegate.swift */; };
		85EE37E2264C62E7009F8E26 /* ViewController.swift in Sources */ = {isa = PBXBuildFile; fileRef = 85EE37E1264C62E7009F8E26 /* ViewController.swift */; };
		85EE37E5264C62E7009F8E26 /* Main.storyboard in Resources */ = {isa = PBXBuildFile; fileRef = 85EE37E3264C62E7009F8E26 /* Main.storyboard */; };
		85EE37E7264C62ED009F8E26 /* Assets.xcassets in Resources */ = {isa = PBXBuildFile; fileRef = 85EE37E6264C62ED009F8E26 /* Assets.xcassets */; };
		85EE37EA264C62ED009F8E26 /* LaunchScreen.storyboard in Resources */ = {isa = PBXBuildFile; fileRef = 85EE37E8264C62ED009F8E26 /* LaunchScreen.storyboard */; };
		85EE37F8264C64E3009F8E26 /* ImageTableViewCell.swift in Sources */ = {isa = PBXBuildFile; fileRef = 85EE37F7264C64E3009F8E26 /* ImageTableViewCell.swift */; };
		85EE3804264C6800009F8E26 /* Response.swift in Sources */ = {isa = PBXBuildFile; fileRef = 85EE3803264C6800009F8E26 /* Response.swift */; };
/* End PBXBuildFile section */

/* Begin PBXFileReference section */
		85EE37DA264C62E7009F8E26 /* GCD.app */ = {isa = PBXFileReference; explicitFileType = wrapper.application; includeInIndex = 0; path = GCD.app; sourceTree = BUILT_PRODUCTS_DIR; };
		85EE37DD264C62E7009F8E26 /* AppDelegate.swift */ = {isa = PBXFileReference; lastKnownFileType = sourcecode.swift; path = AppDelegate.swift; sourceTree = "<group>"; };
		85EE37DF264C62E7009F8E26 /* SceneDelegate.swift */ = {isa = PBXFileReference; lastKnownFileType = sourcecode.swift; path = SceneDelegate.swift; sourceTree = "<group>"; };
		85EE37E1264C62E7009F8E26 /* ViewController.swift */ = {isa = PBXFileReference; lastKnownFileType = sourcecode.swift; path = ViewController.swift; sourceTree = "<group>"; };
		85EE37E4264C62E7009F8E26 /* Base */ = {isa = PBXFileReference; lastKnownFileType = file.storyboard; name = Base; path = Base.lproj/Main.storyboard; sourceTree = "<group>"; };
		85EE37E6264C62ED009F8E26 /* Assets.xcassets */ = {isa = PBXFileReference; lastKnownFileType = folder.assetcatalog; path = Assets.xcassets; sourceTree = "<group>"; };
		85EE37E9264C62ED009F8E26 /* Base */ = {isa = PBXFileReference; lastKnownFileType = file.storyboard; name = Base; path = Base.lproj/LaunchScreen.storyboard; sourceTree = "<group>"; };
		85EE37EB264C62ED009F8E26 /* Info.plist */ = {isa = PBXFileReference; lastKnownFileType = text.plist.xml; path = Info.plist; sourceTree = "<group>"; };
		85EE37F7264C64E3009F8E26 /* ImageTableViewCell.swift */ = {isa = PBXFileReference; lastKnownFileType = sourcecode.swift; path = ImageTableViewCell.swift; sourceTree = "<group>"; };
		85EE3803264C6800009F8E26 /* Response.swift */ = {isa = PBXFileReference; lastKnownFileType = sourcecode.swift; path = Response.swift; sourceTree = "<group>"; };
/* End PBXFileReference section */

/* Begin PBXFrameworksBuildPhase section */
		85EE37D7264C62E7009F8E26 /* Frameworks */ = {
			isa = PBXFrameworksBuildPhase;
			buildActionMask = 2147483647;
			files = (
			);
			runOnlyForDeploymentPostprocessing = 0;
		};
/* End PBXFrameworksBuildPhase section */

/* Begin PBXGroup section */
		85EE37D1264C62E7009F8E26 = {
			isa = PBXGroup;
			children = (
				85EE37DC264C62E7009F8E26 /* GCD */,
				85EE37DB264C62E7009F8E26 /* Products */,
			);
			sourceTree = "<group>";
		};
		85EE37DB264C62E7009F8E26 /* Products */ = {
			isa = PBXGroup;
			children = (
				85EE37DA264C62E7009F8E26 /* GCD.app */,
			);
			name = Products;
			sourceTree = "<group>";
		};
		85EE37DC264C62E7009F8E26 /* GCD */ = {
			isa = PBXGroup;
			children = (
				85EE3806264C6820009F8E26 /* Model */,
				85EE37FA264C64E7009F8E26 /* View */,
				85EE37F5264C630A009F8E26 /* Controllers */,
				85EE37F4264C6304009F8E26 /* Resources */,
				85EE37F2264C62F5009F8E26 /* Supporting Files */,
				85EE37EB264C62ED009F8E26 /* Info.plist */,
			);
			path = GCD;
			sourceTree = "<group>";
		};
		85EE37F2264C62F5009F8E26 /* Supporting Files */ = {
			isa = PBXGroup;
			children = (
				85EE37DD264C62E7009F8E26 /* AppDelegate.swift */,
				85EE37DF264C62E7009F8E26 /* SceneDelegate.swift */,
			);
			path = "Supporting Files";
			sourceTree = "<group>";
		};
		85EE37F4264C6304009F8E26 /* Resources */ = {
			isa = PBXGroup;
			children = (
				85EE37E3264C62E7009F8E26 /* Main.storyboard */,
				85EE37E6264C62ED009F8E26 /* Assets.xcassets */,
				85EE37E8264C62ED009F8E26 /* LaunchScreen.storyboard */,
			);
			path = Resources;
			sourceTree = "<group>";
		};
		85EE37F5264C630A009F8E26 /* Controllers */ = {
			isa = PBXGroup;
			children = (
				85EE37E1264C62E7009F8E26 /* ViewController.swift */,
			);
			path = Controllers;
			sourceTree = "<group>";
		};
		85EE37FA264C64E7009F8E26 /* View */ = {
			isa = PBXGroup;
			children = (
				85EE37F7264C64E3009F8E26 /* ImageTableViewCell.swift */,
			);
			path = View;
			sourceTree = "<group>";
		};
		85EE3806264C6820009F8E26 /* Model */ = {
			isa = PBXGroup;
			children = (
				85EE3803264C6800009F8E26 /* Response.swift */,
			);
			path = Model;
			sourceTree = "<group>";
		};
/* End PBXGroup section */

/* Begin PBXNativeTarget section */
		85EE37D9264C62E7009F8E26 /* GCD */ = {
			isa = PBXNativeTarget;
			buildConfigurationList = 85EE37EE264C62ED009F8E26 /* Build configuration list for PBXNativeTarget "GCD" */;
			buildPhases = (
				85EE37D6264C62E7009F8E26 /* Sources */,
				85EE37D7264C62E7009F8E26 /* Frameworks */,
				85EE37D8264C62E7009F8E26 /* Resources */,
			);
			buildRules = (
			);
			dependencies = (
			);
			name = GCD;
			productName = GCD;
			productReference = 85EE37DA264C62E7009F8E26 /* GCD.app */;
			productType = "com.apple.product-type.application";
		};
/* End PBXNativeTarget section */

/* Begin PBXProject section */
		85EE37D2264C62E7009F8E26 /* Project object */ = {
			isa = PBXProject;
			attributes = {
				LastSwiftUpdateCheck = 1230;
				LastUpgradeCheck = 1230;
				TargetAttributes = {
					85EE37D9264C62E7009F8E26 = {
						CreatedOnToolsVersion = 12.3;
					};
				};
			};
			buildConfigurationList = 85EE37D5264C62E7009F8E26 /* Build configuration list for PBXProject "GCD" */;
			compatibilityVersion = "Xcode 9.3";
			developmentRegion = en;
			hasScannedForEncodings = 0;
			knownRegions = (
				en,
				Base,
			);
			mainGroup = 85EE37D1264C62E7009F8E26;
			productRefGroup = 85EE37DB264C62E7009F8E26 /* Products */;
			projectDirPath = "";
			projectRoot = "";
			targets = (
				85EE37D9264C62E7009F8E26 /* GCD */,
			);
		};
/* End PBXProject section */

/* Begin PBXResourcesBuildPhase section */
		85EE37D8264C62E7009F8E26 /* Resources */ = {
			isa = PBXResourcesBuildPhase;
			buildActionMask = 2147483647;
			files = (
				85EE37EA264C62ED009F8E26 /* LaunchScreen.storyboard in Resources */,
				85EE37E7264C62ED009F8E26 /* Assets.xcassets in Resources */,
				85EE37E5264C62E7009F8E26 /* Main.storyboard in Resources */,
			);
			runOnlyForDeploymentPostprocessing = 0;
		};
/* End PBXResourcesBuildPhase section */

/* Begin PBXSourcesBuildPhase section */
		85EE37D6264C62E7009F8E26 /* Sources */ = {
			isa = PBXSourcesBuildPhase;
			buildActionMask = 2147483647;
			files = (
				85EE37E2264C62E7009F8E26 /* ViewController.swift in Sources */,
				85EE37F8264C64E3009F8E26 /* ImageTableViewCell.swift in Sources */,
				85EE37DE264C62E7009F8E26 /* AppDelegate.swift in Sources */,
				85EE37E0264C62E7009F8E26 /* SceneDelegate.swift in Sources */,
				85EE3804264C6800009F8E26 /* Response.swift in Sources */,
			);
			runOnlyForDeploymentPostprocessing = 0;
		};
/* End PBXSourcesBuildPhase section */

/* Begin PBXVariantGroup section */
		85EE37E3264C62E7009F8E26 /* Main.storyboard */ = {
			isa = PBXVariantGroup;
			children = (
				85EE37E4264C62E7009F8E26 /* Base */,
			);
			name = Main.storyboard;
			sourceTree = "<group>";
		};
		85EE37E8264C62ED009F8E26 /* LaunchScreen.storyboard */ = {
			isa = PBXVariantGroup;
			children = (
				85EE37E9264C62ED009F8E26 /* Base */,
			);
			name = LaunchScreen.storyboard;
			sourceTree = "<group>";
		};
/* End PBXVariantGroup section */

/* Begin XCBuildConfiguration section */
		85EE37EC264C62ED009F8E26 /* Debug */ = {
			isa = XCBuildConfiguration;
			buildSettings = {
				ALWAYS_SEARCH_USER_PATHS = NO;
				CLANG_ANALYZER_NONNULL = YES;
				CLANG_ANALYZER_NUMBER_OBJECT_CONVERSION = YES_AGGRESSIVE;
				CLANG_CXX_LANGUAGE_STANDARD = "gnu++14";
				CLANG_CXX_LIBRARY = "libc++";
				CLANG_ENABLE_MODULES = YES;
				CLANG_ENABLE_OBJC_ARC = YES;
				CLANG_ENABLE_OBJC_WEAK = YES;
				CLANG_WARN_BLOCK_CAPTURE_AUTORELEASING = YES;
				CLANG_WARN_BOOL_CONVERSION = YES;
				CLANG_WARN_COMMA = YES;
				CLANG_WARN_CONSTANT_CONVERSION = YES;
				CLANG_WARN_DEPRECATED_OBJC_IMPLEMENTATIONS = YES;
				CLANG_WARN_DIRECT_OBJC_ISA_USAGE = YES_ERROR;
				CLANG_WARN_DOCUMENTATION_COMMENTS = YES;
				CLANG_WARN_EMPTY_BODY = YES;
				CLANG_WARN_ENUM_CONVERSION = YES;
				CLANG_WARN_INFINITE_RECURSION = YES;
				CLANG_WARN_INT_CONVERSION = YES;
				CLANG_WARN_NON_LITERAL_NULL_CONVERSION = YES;
				CLANG_WARN_OBJC_IMPLICIT_RETAIN_SELF = YES;
				CLANG_WARN_OBJC_LITERAL_CONVERSION = YES;
				CLANG_WARN_OBJC_ROOT_CLASS = YES_ERROR;
				CLANG_WARN_QUOTED_INCLUDE_IN_FRAMEWORK_HEADER = YES;
				CLANG_WARN_RANGE_LOOP_ANALYSIS = YES;
				CLANG_WARN_STRICT_PROTOTYPES = YES;
				CLANG_WARN_SUSPICIOUS_MOVE = YES;
				CLANG_WARN_UNGUARDED_AVAILABILITY = YES_AGGRESSIVE;
				CLANG_WARN_UNREACHABLE_CODE = YES;
				CLANG_WARN__DUPLICATE_METHOD_MATCH = YES;
				COPY_PHASE_STRIP = NO;
				DEBUG_INFORMATION_FORMAT = dwarf;
				ENABLE_STRICT_OBJC_MSGSEND = YES;
				ENABLE_TESTABILITY = YES;
				GCC_C_LANGUAGE_STANDARD = gnu11;
				GCC_DYNAMIC_NO_PIC = NO;
				GCC_NO_COMMON_BLOCKS = YES;
				GCC_OPTIMIZATION_LEVEL = 0;
				GCC_PREPROCESSOR_DEFINITIONS = (
					"DEBUG=1",
					"$(inherited)",
				);
				GCC_WARN_64_TO_32_BIT_CONVERSION = YES;
				GCC_WARN_ABOUT_RETURN_TYPE = YES_ERROR;
				GCC_WARN_UNDECLARED_SELECTOR = YES;
				GCC_WARN_UNINITIALIZED_AUTOS = YES_AGGRESSIVE;
				GCC_WARN_UNUSED_FUNCTION = YES;
				GCC_WARN_UNUSED_VARIABLE = YES;
				IPHONEOS_DEPLOYMENT_TARGET = 14.3;
				MTL_ENABLE_DEBUG_INFO = INCLUDE_SOURCE;
				MTL_FAST_MATH = YES;
				ONLY_ACTIVE_ARCH = YES;
				SDKROOT = iphoneos;
				SWIFT_ACTIVE_COMPILATION_CONDITIONS = DEBUG;
				SWIFT_OPTIMIZATION_LEVEL = "-Onone";
			};
			name = Debug;
		};
		85EE37ED264C62ED009F8E26 /* Release */ = {
			isa = XCBuildConfiguration;
			buildSettings = {
				ALWAYS_SEARCH_USER_PATHS = NO;
				CLANG_ANALYZER_NONNULL = YES;
				CLANG_ANALYZER_NUMBER_OBJECT_CONVERSION = YES_AGGRESSIVE;
				CLANG_CXX_LANGUAGE_STANDARD = "gnu++14";
				CLANG_CXX_LIBRARY = "libc++";
				CLANG_ENABLE_MODULES = YES;
				CLANG_ENABLE_OBJC_ARC = YES;
				CLANG_ENABLE_OBJC_WEAK = YES;
				CLANG_WARN_BLOCK_CAPTURE_AUTORELEASING = YES;
				CLANG_WARN_BOOL_CONVERSION = YES;
				CLANG_WARN_COMMA = YES;
				CLANG_WARN_CONSTANT_CONVERSION = YES;
				CLANG_WARN_DEPRECATED_OBJC_IMPLEMENTATIONS = YES;
				CLANG_WARN_DIRECT_OBJC_ISA_USAGE = YES_ERROR;
				CLANG_WARN_DOCUMENTATION_COMMENTS = YES;
				CLANG_WARN_EMPTY_BODY = YES;
				CLANG_WARN_ENUM_CONVERSION = YES;
				CLANG_WARN_INFINITE_RECURSION = YES;
				CLANG_WARN_INT_CONVERSION = YES;
				CLANG_WARN_NON_LITERAL_NULL_CONVERSION = YES;
				CLANG_WARN_OBJC_IMPLICIT_RETAIN_SELF = YES;
				CLANG_WARN_OBJC_LITERAL_CONVERSION = YES;
				CLANG_WARN_OBJC_ROOT_CLASS = YES_ERROR;
				CLANG_WARN_QUOTED_INCLUDE_IN_FRAMEWORK_HEADER = YES;
				CLANG_WARN_RANGE_LOOP_ANALYSIS = YES;
				CLANG_WARN_STRICT_PROTOTYPES = YES;
				CLANG_WARN_SUSPICIOUS_MOVE = YES;
				CLANG_WARN_UNGUARDED_AVAILABILITY = YES_AGGRESSIVE;
				CLANG_WARN_UNREACHABLE_CODE = YES;
				CLANG_WARN__DUPLICATE_METHOD_MATCH = YES;
				COPY_PHASE_STRIP = NO;
				DEBUG_INFORMATION_FORMAT = "dwarf-with-dsym";
				ENABLE_NS_ASSERTIONS = NO;
				ENABLE_STRICT_OBJC_MSGSEND = YES;
				GCC_C_LANGUAGE_STANDARD = gnu11;
				GCC_NO_COMMON_BLOCKS = YES;
				GCC_WARN_64_TO_32_BIT_CONVERSION = YES;
				GCC_WARN_ABOUT_RETURN_TYPE = YES_ERROR;
				GCC_WARN_UNDECLARED_SELECTOR = YES;
				GCC_WARN_UNINITIALIZED_AUTOS = YES_AGGRESSIVE;
				GCC_WARN_UNUSED_FUNCTION = YES;
				GCC_WARN_UNUSED_VARIABLE = YES;
				IPHONEOS_DEPLOYMENT_TARGET = 14.3;
				MTL_ENABLE_DEBUG_INFO = NO;
				MTL_FAST_MATH = YES;
				SDKROOT = iphoneos;
				SWIFT_COMPILATION_MODE = wholemodule;
				SWIFT_OPTIMIZATION_LEVEL = "-O";
				VALIDATE_PRODUCT = YES;
			};
			name = Release;
		};
		85EE37EF264C62ED009F8E26 /* Debug */ = {
			isa = XCBuildConfiguration;
			buildSettings = {
				ASSETCATALOG_COMPILER_APPICON_NAME = AppIcon;
				ASSETCATALOG_COMPILER_GLOBAL_ACCENT_COLOR_NAME = AccentColor;
				CODE_SIGN_STYLE = Automatic;
				INFOPLIST_FILE = GCD/Info.plist;
				LD_RUNPATH_SEARCH_PATHS = (
					"$(inherited)",
					"@executable_path/Frameworks",
				);
				PRODUCT_BUNDLE_IDENTIFIER = com.accenture.academy.GCD;
				PRODUCT_NAME = "$(TARGET_NAME)";
				SWIFT_VERSION = 5.0;
				TARGETED_DEVICE_FAMILY = "1,2";
			};
			name = Debug;
		};
		85EE37F0264C62ED009F8E26 /* Release */ = {
			isa = XCBuildConfiguration;
			buildSettings = {
				ASSETCATALOG_COMPILER_APPICON_NAME = AppIcon;
				ASSETCATALOG_COMPILER_GLOBAL_ACCENT_COLOR_NAME = AccentColor;
				CODE_SIGN_STYLE = Automatic;
				INFOPLIST_FILE = GCD/Info.plist;
				LD_RUNPATH_SEARCH_PATHS = (
					"$(inherited)",
					"@executable_path/Frameworks",
				);
				PRODUCT_BUNDLE_IDENTIFIER = com.accenture.academy.GCD;
				PRODUCT_NAME = "$(TARGET_NAME)";
				SWIFT_VERSION = 5.0;
				TARGETED_DEVICE_FAMILY = "1,2";
			};
			name = Release;
		};
/* End XCBuildConfiguration section */

/* Begin XCConfigurationList section */
		85EE37D5264C62E7009F8E26 /* Build configuration list for PBXProject "GCD" */ = {
			isa = XCConfigurationList;
			buildConfigurations = (
				85EE37EC264C62ED009F8E26 /* Debug */,
				85EE37ED264C62ED009F8E26 /* Release */,
			);
			defaultConfigurationIsVisible = 0;
			defaultConfigurationName = Release;
		};
		85EE37EE264C62ED009F8E26 /* Build configuration list for PBXNativeTarget "GCD" */ = {
			isa = XCConfigurationList;
			buildConfigurations = (
				85EE37EF264C62ED009F8E26 /* Debug */,
				85EE37F0264C62ED009F8E26 /* Release */,
			);
			defaultConfigurationIsVisible = 0;
			defaultConfigurationName = Release;
		};
/* End XCConfigurationList section */
	};
	rootObject = 85EE37D2264C62E7009F8E26 /* Project object */;
}
